// !$*UTF8*$!
{
	archiveVersion = 1;
	classes = {
	};
	objectVersion = 50;
	objects = {

/* Begin PBXBuildFile section */
		F225F3E123DC3A1C00DFB525 /* AppDelegate.swift in Sources */ = {isa = PBXBuildFile; fileRef = F225F3E023DC3A1C00DFB525 /* AppDelegate.swift */; };
		F225F3E323DC3A1C00DFB525 /* SceneDelegate.swift in Sources */ = {isa = PBXBuildFile; fileRef = F225F3E223DC3A1C00DFB525 /* SceneDelegate.swift */; };
		F225F3E523DC3A1C00DFB525 /* ViewController.swift in Sources */ = {isa = PBXBuildFile; fileRef = F225F3E423DC3A1C00DFB525 /* ViewController.swift */; };
		F225F3E823DC3A1C00DFB525 /* Main.storyboard in Resources */ = {isa = PBXBuildFile; fileRef = F225F3E623DC3A1C00DFB525 /* Main.storyboard */; };
		F225F3EA23DC3A1D00DFB525 /* Assets.xcassets in Resources */ = {isa = PBXBuildFile; fileRef = F225F3E923DC3A1D00DFB525 /* Assets.xcassets */; };
		F225F3ED23DC3A1D00DFB525 /* LaunchScreen.storyboard in Resources */ = {isa = PBXBuildFile; fileRef = F225F3EB23DC3A1D00DFB525 /* LaunchScreen.storyboard */; };
/* End PBXBuildFile section */

/* Begin PBXFileReference section */
		F225F3DD23DC3A1C00DFB525 /* SwiftlintTestRunner.app */ = {isa = PBXFileReference; explicitFileType = wrapper.application; includeInIndex = 0; path = SwiftlintTestRunner.app; sourceTree = BUILT_PRODUCTS_DIR; };
		F225F3E023DC3A1C00DFB525 /* AppDelegate.swift */ = {isa = PBXFileReference; lastKnownFileType = sourcecode.swift; path = AppDelegate.swift; sourceTree = "<group>"; };
		F225F3E223DC3A1C00DFB525 /* SceneDelegate.swift */ = {isa = PBXFileReference; lastKnownFileType = sourcecode.swift; path = SceneDelegate.swift; sourceTree = "<group>"; };
		F225F3E423DC3A1C00DFB525 /* ViewController.swift */ = {isa = PBXFileReference; lastKnownFileType = sourcecode.swift; path = ViewController.swift; sourceTree = "<group>"; };
		F225F3E723DC3A1C00DFB525 /* Base */ = {isa = PBXFileReference; lastKnownFileType = file.storyboard; name = Base; path = Base.lproj/Main.storyboard; sourceTree = "<group>"; };
		F225F3E923DC3A1D00DFB525 /* Assets.xcassets */ = {isa = PBXFileReference; lastKnownFileType = folder.assetcatalog; path = Assets.xcassets; sourceTree = "<group>"; };
		F225F3EC23DC3A1D00DFB525 /* Base */ = {isa = PBXFileReference; lastKnownFileType = file.storyboard; name = Base; path = Base.lproj/LaunchScreen.storyboard; sourceTree = "<group>"; };
		F225F3EE23DC3A1D00DFB525 /* Info.plist */ = {isa = PBXFileReference; lastKnownFileType = text.plist.xml; path = Info.plist; sourceTree = "<group>"; };
/* End PBXFileReference section */

/* Begin PBXFrameworksBuildPhase section */
		F225F3DA23DC3A1C00DFB525 /* Frameworks */ = {
			isa = PBXFrameworksBuildPhase;
			buildActionMask = 2147483647;
			files = (
			);
			runOnlyForDeploymentPostprocessing = 0;
		};
/* End PBXFrameworksBuildPhase section */

/* Begin PBXGroup section */
		F225F3D423DC3A1C00DFB525 = {
			isa = PBXGroup;
			children = (
				F225F3DF23DC3A1C00DFB525 /* SwiftlintTestRunner */,
				F225F3DE23DC3A1C00DFB525 /* Products */,
			);
			sourceTree = "<group>";
		};
		F225F3DE23DC3A1C00DFB525 /* Products */ = {
			isa = PBXGroup;
			children = (
				F225F3DD23DC3A1C00DFB525 /* SwiftlintTestRunner.app */,
			);
			name = Products;
			sourceTree = "<group>";
		};
		F225F3DF23DC3A1C00DFB525 /* SwiftlintTestRunner */ = {
			isa = PBXGroup;
			children = (
				F225F3E023DC3A1C00DFB525 /* AppDelegate.swift */,
				F225F3E223DC3A1C00DFB525 /* SceneDelegate.swift */,
				F225F3E423DC3A1C00DFB525 /* ViewController.swift */,
				F225F3E623DC3A1C00DFB525 /* Main.storyboard */,
				F225F3E923DC3A1D00DFB525 /* Assets.xcassets */,
				F225F3EB23DC3A1D00DFB525 /* LaunchScreen.storyboard */,
				F225F3EE23DC3A1D00DFB525 /* Info.plist */,
			);
			path = SwiftlintTestRunner;
			sourceTree = "<group>";
		};
/* End PBXGroup section */

/* Begin PBXNativeTarget section */
		F225F3DC23DC3A1C00DFB525 /* SwiftlintTestRunner */ = {
			isa = PBXNativeTarget;
			buildConfigurationList = F225F3F123DC3A1D00DFB525 /* Build configuration list for PBXNativeTarget "SwiftlintTestRunner" */;
			buildPhases = (
				F225F3D923DC3A1C00DFB525 /* Sources */,
				F225F3DA23DC3A1C00DFB525 /* Frameworks */,
				F225F3DB23DC3A1C00DFB525 /* Resources */,
			);
			buildRules = (
			);
			dependencies = (
			);
			name = SwiftlintTestRunner;
			productName = SwiftlintTestRunner;
			productReference = F225F3DD23DC3A1C00DFB525 /* SwiftlintTestRunner.app */;
			productType = "com.apple.product-type.application";
		};
/* End PBXNativeTarget section */

/* Begin PBXProject section */
		F225F3D523DC3A1C00DFB525 /* Project object */ = {
			isa = PBXProject;
			attributes = {
				LastSwiftUpdateCheck = 1130;
				LastUpgradeCheck = 1130;
				ORGANIZATIONNAME = Schnaub;
				TargetAttributes = {
					F225F3DC23DC3A1C00DFB525 = {
						CreatedOnToolsVersion = 11.3.1;
					};
				};
			};
			buildConfigurationList = F225F3D823DC3A1C00DFB525 /* Build configuration list for PBXProject "SwiftlintTestRunner" */;
			compatibilityVersion = "Xcode 9.3";
			developmentRegion = en;
			hasScannedForEncodings = 0;
			knownRegions = (
				en,
				Base,
			);
			mainGroup = F225F3D423DC3A1C00DFB525;
			productRefGroup = F225F3DE23DC3A1C00DFB525 /* Products */;
			projectDirPath = "";
			projectRoot = "";
			targets = (
				F225F3DC23DC3A1C00DFB525 /* SwiftlintTestRunner */,
			);
		};
/* End PBXProject section */

/* Begin PBXResourcesBuildPhase section */
		F225F3DB23DC3A1C00DFB525 /* Resources */ = {
			isa = PBXResourcesBuildPhase;
			buildActionMask = 2147483647;
			files = (
				F225F3ED23DC3A1D00DFB525 /* LaunchScreen.storyboard in Resources */,
				F225F3EA23DC3A1D00DFB525 /* Assets.xcassets in Resources */,
				F225F3E823DC3A1C00DFB525 /* Main.storyboard in Resources */,
			);
			runOnlyForDeploymentPostprocessing = 0;
		};
/* End PBXResourcesBuildPhase section */

/* Begin PBXSourcesBuildPhase section */
		F225F3D923DC3A1C00DFB525 /* Sources */ = {
			isa = PBXSourcesBuildPhase;
			buildActionMask = 2147483647;
			files = (
				F225F3E523DC3A1C00DFB525 /* ViewController.swift in Sources */,
				F225F3E123DC3A1C00DFB525 /* AppDelegate.swift in Sources */,
				F225F3E323DC3A1C00DFB525 /* SceneDelegate.swift in Sources */,
			);
			runOnlyForDeploymentPostprocessing = 0;
		};
/* End PBXSourcesBuildPhase section */

/* Begin PBXVariantGroup section */
		F225F3E623DC3A1C00DFB525 /* Main.storyboard */ = {
			isa = PBXVariantGroup;
			children = (
				F225F3E723DC3A1C00DFB525 /* Base */,
			);
			name = Main.storyboard;
			sourceTree = "<group>";
		};
		F225F3EB23DC3A1D00DFB525 /* LaunchScreen.storyboard */ = {
			isa = PBXVariantGroup;
			children = (
				F225F3EC23DC3A1D00DFB525 /* Base */,
			);
			name = LaunchScreen.storyboard;
			sourceTree = "<group>";
		};
/* End PBXVariantGroup section */

/* Begin XCBuildConfiguration section */
		F225F3EF23DC3A1D00DFB525 /* Debug */ = {
			isa = XCBuildConfiguration;
			buildSettings = {
				ALWAYS_SEARCH_USER_PATHS = NO;
				CLANG_ANALYZER_NONNULL = YES;
				CLANG_ANALYZER_NUMBER_OBJECT_CONVERSION = YES_AGGRESSIVE;
				CLANG_CXX_LANGUAGE_STANDARD = "gnu++14";
				CLANG_CXX_LIBRARY = "libc++";
				CLANG_ENABLE_MODULES = YES;
				CLANG_ENABLE_OBJC_ARC = YES;
				CLANG_ENABLE_OBJC_WEAK = YES;
				CLANG_WARN_BLOCK_CAPTURE_AUTORELEASING = YES;
				CLANG_WARN_BOOL_CONVERSION = YES;
				CLANG_WARN_COMMA = YES;
				CLANG_WARN_CONSTANT_CONVERSION = YES;
				CLANG_WARN_DEPRECATED_OBJC_IMPLEMENTATIONS = YES;
				CLANG_WARN_DIRECT_OBJC_ISA_USAGE = YES_ERROR;
				CLANG_WARN_DOCUMENTATION_COMMENTS = YES;
				CLANG_WARN_EMPTY_BODY = YES;
				CLANG_WARN_ENUM_CONVERSION = YES;
				CLANG_WARN_INFINITE_RECURSION = YES;
				CLANG_WARN_INT_CONVERSION = YES;
				CLANG_WARN_NON_LITERAL_NULL_CONVERSION = YES;
				CLANG_WARN_OBJC_IMPLICIT_RETAIN_SELF = YES;
				CLANG_WARN_OBJC_LITERAL_CONVERSION = YES;
				CLANG_WARN_OBJC_ROOT_CLASS = YES_ERROR;
				CLANG_WARN_RANGE_LOOP_ANALYSIS = YES;
				CLANG_WARN_STRICT_PROTOTYPES = YES;
				CLANG_WARN_SUSPICIOUS_MOVE = YES;
				CLANG_WARN_UNGUARDED_AVAILABILITY = YES_AGGRESSIVE;
				CLANG_WARN_UNREACHABLE_CODE = YES;
				CLANG_WARN__DUPLICATE_METHOD_MATCH = YES;
				COPY_PHASE_STRIP = NO;
				DEBUG_INFORMATION_FORMAT = dwarf;
				ENABLE_STRICT_OBJC_MSGSEND = YES;
				ENABLE_TESTABILITY = YES;
				GCC_C_LANGUAGE_STANDARD = gnu11;
				GCC_DYNAMIC_NO_PIC = NO;
				GCC_NO_COMMON_BLOCKS = YES;
				GCC_OPTIMIZATION_LEVEL = 0;
				GCC_PREPROCESSOR_DEFINITIONS = (
					"DEBUG=1",
					"$(inherited)",
				);
				GCC_WARN_64_TO_32_BIT_CONVERSION = YES;
				GCC_WARN_ABOUT_RETURN_TYPE = YES_ERROR;
				GCC_WARN_UNDECLARED_SELECTOR = YES;
				GCC_WARN_UNINITIALIZED_AUTOS = YES_AGGRESSIVE;
				GCC_WARN_UNUSED_FUNCTION = YES;
				GCC_WARN_UNUSED_VARIABLE = YES;
				IPHONEOS_DEPLOYMENT_TARGET = 13.2;
				MTL_ENABLE_DEBUG_INFO = INCLUDE_SOURCE;
				MTL_FAST_MATH = YES;
				ONLY_ACTIVE_ARCH = YES;
				SDKROOT = iphoneos;
				SWIFT_ACTIVE_COMPILATION_CONDITIONS = DEBUG;
				SWIFT_OPTIMIZATION_LEVEL = "-Onone";
			};
			name = Debug;
		};
		F225F3F023DC3A1D00DFB525 /* Release */ = {
			isa = XCBuildConfiguration;
			buildSettings = {
				ALWAYS_SEARCH_USER_PATHS = NO;
				CLANG_ANALYZER_NONNULL = YES;
				CLANG_ANALYZER_NUMBER_OBJECT_CONVERSION = YES_AGGRESSIVE;
				CLANG_CXX_LANGUAGE_STANDARD = "gnu++14";
				CLANG_CXX_LIBRARY = "libc++";
				CLANG_ENABLE_MODULES = YES;
				CLANG_ENABLE_OBJC_ARC = YES;
				CLANG_ENABLE_OBJC_WEAK = YES;
				CLANG_WARN_BLOCK_CAPTURE_AUTORELEASING = YES;
				CLANG_WARN_BOOL_CONVERSION = YES;
				CLANG_WARN_COMMA = YES;
				CLANG_WARN_CONSTANT_CONVERSION = YES;
				CLANG_WARN_DEPRECATED_OBJC_IMPLEMENTATIONS = YES;
				CLANG_WARN_DIRECT_OBJC_ISA_USAGE = YES_ERROR;
				CLANG_WARN_DOCUMENTATION_COMMENTS = YES;
				CLANG_WARN_EMPTY_BODY = YES;
				CLANG_WARN_ENUM_CONVERSION = YES;
				CLANG_WARN_INFINITE_RECURSION = YES;
				CLANG_WARN_INT_CONVERSION = YES;
				CLANG_WARN_NON_LITERAL_NULL_CONVERSION = YES;
				CLANG_WARN_OBJC_IMPLICIT_RETAIN_SELF = YES;
				CLANG_WARN_OBJC_LITERAL_CONVERSION = YES;
				CLANG_WARN_OBJC_ROOT_CLASS = YES_ERROR;
				CLANG_WARN_RANGE_LOOP_ANALYSIS = YES;
				CLANG_WARN_STRICT_PROTOTYPES = YES;
				CLANG_WARN_SUSPICIOUS_MOVE = YES;
				CLANG_WARN_UNGUARDED_AVAILABILITY = YES_AGGRESSIVE;
				CLANG_WARN_UNREACHABLE_CODE = YES;
				CLANG_WARN__DUPLICATE_METHOD_MATCH = YES;
				COPY_PHASE_STRIP = NO;
				DEBUG_INFORMATION_FORMAT = "dwarf-with-dsym";
				ENABLE_NS_ASSERTIONS = NO;
				ENABLE_STRICT_OBJC_MSGSEND = YES;
				GCC_C_LANGUAGE_STANDARD = gnu11;
				GCC_NO_COMMON_BLOCKS = YES;
				GCC_WARN_64_TO_32_BIT_CONVERSION = YES;
				GCC_WARN_ABOUT_RETURN_TYPE = YES_ERROR;
				GCC_WARN_UNDECLARED_SELECTOR = YES;
				GCC_WARN_UNINITIALIZED_AUTOS = YES_AGGRESSIVE;
				GCC_WARN_UNUSED_FUNCTION = YES;
				GCC_WARN_UNUSED_VARIABLE = YES;
				IPHONEOS_DEPLOYMENT_TARGET = 13.2;
				MTL_ENABLE_DEBUG_INFO = NO;
				MTL_FAST_MATH = YES;
				SDKROOT = iphoneos;
				SWIFT_COMPILATION_MODE = wholemodule;
				SWIFT_OPTIMIZATION_LEVEL = "-O";
				VALIDATE_PRODUCT = YES;
			};
			name = Release;
		};
		F225F3F223DC3A1D00DFB525 /* Debug */ = {
			isa = XCBuildConfiguration;
			buildSettings = {
				ASSETCATALOG_COMPILER_APPICON_NAME = AppIcon;
				CODE_SIGN_STYLE = Automatic;
				DEVELOPMENT_TEAM = CPRVB9W254;
				INFOPLIST_FILE = SwiftlintTestRunner/Info.plist;
				LD_RUNPATH_SEARCH_PATHS = (
					"$(inherited)",
					"@executable_path/Frameworks",
				);
				PRODUCT_BUNDLE_IDENTIFIER = com.schnaub.SwiftlintTestRunner;
				PRODUCT_NAME = "$(TARGET_NAME)";
				SWIFT_VERSION = 5.0;
				TARGETED_DEVICE_FAMILY = "1,2";
			};
			name = Debug;
		};
		F225F3F323DC3A1D00DFB525 /* Release */ = {
			isa = XCBuildConfiguration;
			buildSettings = {
				ASSETCATALOG_COMPILER_APPICON_NAME = AppIcon;
				CODE_SIGN_STYLE = Automatic;
				DEVELOPMENT_TEAM = CPRVB9W254;
				INFOPLIST_FILE = SwiftlintTestRunner/Info.plist;
				LD_RUNPATH_SEARCH_PATHS = (
					"$(inherited)",
					"@executable_path/Frameworks",
				);
				PRODUCT_BUNDLE_IDENTIFIER = com.schnaub.SwiftlintTestRunner;
				PRODUCT_NAME = "$(TARGET_NAME)";
				SWIFT_VERSION = 5.0;
				TARGETED_DEVICE_FAMILY = "1,2";
			};
			name = Release;
		};
/* End XCBuildConfiguration section */

/* Begin XCConfigurationList section */
		F225F3D823DC3A1C00DFB525 /* Build configuration list for PBXProject "SwiftlintTestRunner" */ = {
			isa = XCConfigurationList;
			buildConfigurations = (
				F225F3EF23DC3A1D00DFB525 /* Debug */,
				F225F3F023DC3A1D00DFB525 /* Release */,
			);
			defaultConfigurationIsVisible = 0;
			defaultConfigurationName = Release;
		};
		F225F3F123DC3A1D00DFB525 /* Build configuration list for PBXNativeTarget "SwiftlintTestRunner" */ = {
			isa = XCConfigurationList;
			buildConfigurations = (
				F225F3F223DC3A1D00DFB525 /* Debug */,
				F225F3F323DC3A1D00DFB525 /* Release */,
			);
			defaultConfigurationIsVisible = 0;
			defaultConfigurationName = Release;
		};
/* End XCConfigurationList section */
	};
	rootObject = F225F3D523DC3A1C00DFB525 /* Project object */;
}
